{
  "name": "dev-interview-scheduling",
  "version": "1.0.0",
  "lockfileVersion": 2,
  "requires": true,
  "packages": {
    "": {
      "name": "dev-interview-scheduling",
      "version": "1.0.0",
      "license": "ISC",
      "devDependencies": {
        "@faker-js/faker": "^6.3.1",
        "dayjs": "^1.11.1",
        "underscore": "^1.13.3"
      }
    },
    "node_modules/@faker-js/faker": {
      "version": "6.3.1",
      "resolved": "https://registry.npmjs.org/@faker-js/faker/-/faker-6.3.1.tgz",
      "integrity": "sha512-8YXBE2ZcU/pImVOHX7MWrSR/X5up7t6rPWZlk34RwZEcdr3ua6X+32pSd6XuOQRN+vbuvYNfA6iey8NbrjuMFQ==",
      "dev": true,
      "engines": {
        "node": ">=14.0.0",
        "npm": ">=6.0.0"
      }
    },
    "node_modules/dayjs": {
      "version": "1.11.1",
      "resolved": "https://registry.npmjs.org/dayjs/-/dayjs-1.11.1.tgz",
      "integrity": "sha512-ER7EjqVAMkRRsxNCC5YqJ9d9VQYuWdGt7aiH2qA5R5wt8ZmWaP2dLUSIK6y/kVzLMlmh1Tvu5xUf4M/wdGJ5KA==",
      "dev": true
    },
    "node_modules/underscore": {
      "version": "1.13.3",
      "resolved": "https://registry.npmjs.org/underscore/-/underscore-1.13.3.tgz",
      "integrity": "sha512-QvjkYpiD+dJJraRA8+dGAU4i7aBbb2s0S3jA45TFOvg2VgqvdCDd/3N6CqA8gluk1W91GLoXg5enMUx560QzuA==",
      "dev": true
    }
  },
  "dependencies": {
    "@faker-js/faker": {
      "version": "6.3.1",
      "resolved": "https://registry.npmjs.org/@faker-js/faker/-/faker-6.3.1.tgz",
      "integrity": "sha512-8YXBE2ZcU/pImVOHX7MWrSR/X5up7t6rPWZlk34RwZEcdr3ua6X+32pSd6XuOQRN+vbuvYNfA6iey8NbrjuMFQ==",
      "dev": true
    },
    "dayjs": {
      "version": "1.11.1",
      "resolved": "https://registry.npmjs.org/dayjs/-/dayjs-1.11.1.tgz",
      "integrity": "sha512-ER7EjqVAMkRRsxNCC5YqJ9d9VQYuWdGt7aiH2qA5R5wt8ZmWaP2dLUSIK6y/kVzLMlmh1Tvu5xUf4M/wdGJ5KA==",
      "dev": true
    },
    "underscore": {
      "version": "1.13.3",
      "resolved": "https://registry.npmjs.org/underscore/-/underscore-1.13.3.tgz",
      "integrity": "sha512-QvjkYpiD+dJJraRA8+dGAU4i7aBbb2s0S3jA45TFOvg2VgqvdCDd/3N6CqA8gluk1W91GLoXg5enMUx560QzuA==",
      "dev": true
    }
  }
}
